<?xml version="1.0" encoding="utf-8"?>
<Project ToolsVersion="4.0" xmlns="http://schemas.microsoft.com/developer/msbuild/2003">
  <ItemGroup>
    <Filter Include="Source Files">
      <UniqueIdentifier>{4FC737F1-C7A5-4376-A066-2A32D752A2FF}</UniqueIdentifier>
      <Extensions>cpp;c;cc;cxx;def;odl;idl;hpj;bat;asm;asmx</Extensions>
    </Filter>
    <Filter Include="Source Files\NV">
      <UniqueIdentifier>{65af27b1-8b53-4b8d-82f5-6d94296f24ab}</UniqueIdentifier>
    </Filter>
    <Filter Include="Source Files\Teem">
      <UniqueIdentifier>{a3ad2dab-3692-4b9f-807c-12007e253442}</UniqueIdentifier>
    </Filter>
    <Filter Include="Source Files\Teem\Air">
      <UniqueIdentifier>{b1194099-078f-428f-8838-4f8663d01868}</UniqueIdentifier>
    </Filter>
    <Filter Include="Source Files\Teem\Biff">
      <UniqueIdentifier>{7c842129-7ad2-43df-8364-03daaa4e56e1}</UniqueIdentifier>
    </Filter>
    <Filter Include="Source Files\Teem\Hest">
      <UniqueIdentifier>{e693e3d5-589d-4646-9a6d-0c6082832dd4}</UniqueIdentifier>
    </Filter>
    <Filter Include="Source Files\Teem\Nrrd">
      <UniqueIdentifier>{6060a360-d501-477e-8155-6e1616bdc38d}</UniqueIdentifier>
    </Filter>
    <Filter Include="Source Files\Glew">
      <UniqueIdentifier>{33a888e1-97d4-4b13-98ab-5be7cee93610}</UniqueIdentifier>
    </Filter>
    <Filter Include="Source Files\WacUtils">
      <UniqueIdentifier>{24fe2975-a94a-481e-b068-98dfea1e1c24}</UniqueIdentifier>
    </Filter>
    <Filter Include="Source Files\Formats">
      <UniqueIdentifier>{c4906aa6-ac43-43e5-aaae-60caa6baacf2}</UniqueIdentifier>
    </Filter>
    <Filter Include="Header Files">
      <UniqueIdentifier>{93995380-89BD-4b04-88EB-625FBE52EBFB}</UniqueIdentifier>
      <Extensions>h;hpp;hxx;hm;inl;inc;xsd</Extensions>
    </Filter>
    <Filter Include="Header Files\WacUtils">
      <UniqueIdentifier>{4c0ad0b7-4129-4f5d-89d3-b57503621970}</UniqueIdentifier>
    </Filter>
    <Filter Include="Header Files\Formats">
      <UniqueIdentifier>{428743ee-2db4-4d15-827f-462715470a9c}</UniqueIdentifier>
    </Filter>
    <Filter Include="Resource Files">
      <UniqueIdentifier>{67DA6AB6-F800-4c08-8B7A-83BB121AAD01}</UniqueIdentifier>
      <Extensions>rc;ico;cur;bmp;dlg;rc2;rct;bin;rgs;gif;jpg;jpeg;jpe;resx;tiff;tif;png;wav</Extensions>
    </Filter>
    <Filter Include="Header Files\Converters">
      <UniqueIdentifier>{7c2eee9d-a812-425b-98fd-ef778f9365bb}</UniqueIdentifier>
    </Filter>
    <Filter Include="Source Files\Converters">
      <UniqueIdentifier>{38a77180-88c3-4488-abab-d9c64521c75a}</UniqueIdentifier>
    </Filter>
    <Filter Include="Header Files\Animator">
      <UniqueIdentifier>{3fc48ddf-9967-47a8-973f-577155bac8bd}</UniqueIdentifier>
    </Filter>
    <Filter Include="Source Files\Animator">
      <UniqueIdentifier>{f22dfe69-c50a-4db0-950e-de6150847d51}</UniqueIdentifier>
    </Filter>
    <Filter Include="Header Files\FLIVR">
      <UniqueIdentifier>{fc9463ad-d82c-401a-b4f1-f5d3e7f8a8f3}</UniqueIdentifier>
    </Filter>
    <Filter Include="Source Files\FLIVR">
      <UniqueIdentifier>{305a5477-e1d2-4539-80da-1778f0a2ffc4}</UniqueIdentifier>
    </Filter>
  </ItemGroup>
  <ItemGroup>
    <ClCompile Include="AdjustView.cpp">
      <Filter>Source Files</Filter>
    </ClCompile>
    <ClCompile Include="BrushToolDlg.cpp">
      <Filter>Source Files</Filter>
    </ClCompile>
    <ClCompile Include="ClippingView.cpp">
      <Filter>Source Files</Filter>
    </ClCompile>
    <ClCompile Include="DataManager.cpp">
      <Filter>Source Files</Filter>
    </ClCompile>
    <ClCompile Include="DragDrop.cpp">
      <Filter>Source Files</Filter>
    </ClCompile>
    <ClCompile Include="HelpDlg.cpp">
      <Filter>Source Files</Filter>
    </ClCompile>
    <ClCompile Include="ListPanel.cpp">
      <Filter>Source Files</Filter>
    </ClCompile>
    <ClCompile Include="Main.cpp">
      <Filter>Source Files</Filter>
    </ClCompile>
    <ClCompile Include="MManipulator.cpp">
      <Filter>Source Files</Filter>
    </ClCompile>
    <ClCompile Include="MPropView.cpp">
      <Filter>Source Files</Filter>
    </ClCompile>
    <ClCompile Include="SettingDlg.cpp">
      <Filter>Source Files</Filter>
    </ClCompile>
    <ClCompile Include="Tester.cpp">
      <Filter>Source Files</Filter>
    </ClCompile>
    <ClCompile Include="TreePanel.cpp">
      <Filter>Source Files</Filter>
    </ClCompile>
    <ClCompile Include="VMovieView.cpp">
      <Filter>Source Files</Filter>
    </ClCompile>
    <ClCompile Include="VolumeCalculator.cpp">
      <Filter>Source Files</Filter>
    </ClCompile>
    <ClCompile Include="VolumeSelector.cpp">
      <Filter>Source Files</Filter>
    </ClCompile>
    <ClCompile Include="VPropView.cpp">
      <Filter>Source Files</Filter>
    </ClCompile>
    <ClCompile Include="VRenderFrame.cpp">
      <Filter>Source Files</Filter>
    </ClCompile>
    <ClCompile Include="VRenderView.cpp">
      <Filter>Source Files</Filter>
    </ClCompile>
    <ClCompile Include="NV\Timer.cpp">
      <Filter>Source Files\NV</Filter>
    </ClCompile>
    <ClCompile Include="..\teem\Air\754.c">
      <Filter>Source Files\Teem\Air</Filter>
    </ClCompile>
    <ClCompile Include="..\teem\Air\array.c">
      <Filter>Source Files\Teem\Air</Filter>
    </ClCompile>
    <ClCompile Include="..\teem\Air\dio.c">
      <Filter>Source Files\Teem\Air</Filter>
    </ClCompile>
    <ClCompile Include="..\teem\Air\endianAir.c">
      <Filter>Source Files\Teem\Air</Filter>
    </ClCompile>
    <ClCompile Include="..\teem\Air\enum.c">
      <Filter>Source Files\Teem\Air</Filter>
    </ClCompile>
    <ClCompile Include="..\teem\Air\math.c">
      <Filter>Source Files\Teem\Air</Filter>
    </ClCompile>
    <ClCompile Include="..\teem\Air\miscAir.c">
      <Filter>Source Files\Teem\Air</Filter>
    </ClCompile>
    <ClCompile Include="..\teem\Air\mop.c">
      <Filter>Source Files\Teem\Air</Filter>
    </ClCompile>
    <ClCompile Include="..\teem\Air\parseAir.c">
      <Filter>Source Files\Teem\Air</Filter>
    </ClCompile>
    <ClCompile Include="..\teem\Air\randMT.c">
      <Filter>Source Files\Teem\Air</Filter>
    </ClCompile>
    <ClCompile Include="..\teem\Air\sane.c">
      <Filter>Source Files\Teem\Air</Filter>
    </ClCompile>
    <ClCompile Include="..\teem\Air\string.c">
      <Filter>Source Files\Teem\Air</Filter>
    </ClCompile>
    <ClCompile Include="..\teem\Air\threadAir.c">
      <Filter>Source Files\Teem\Air</Filter>
    </ClCompile>
    <ClCompile Include="..\teem\Biff\biffbiff.c">
      <Filter>Source Files\Teem\Biff</Filter>
    </ClCompile>
    <ClCompile Include="..\teem\Hest\defaultsHest.c">
      <Filter>Source Files\Teem\Hest</Filter>
    </ClCompile>
    <ClCompile Include="..\teem\Hest\methodsHest.c">
      <Filter>Source Files\Teem\Hest</Filter>
    </ClCompile>
    <ClCompile Include="..\teem\Hest\parseHest.c">
      <Filter>Source Files\Teem\Hest</Filter>
    </ClCompile>
    <ClCompile Include="..\teem\Hest\usage.c">
      <Filter>Source Files\Teem\Hest</Filter>
    </ClCompile>
    <ClCompile Include="..\teem\Nrrd\accessors.c">
      <Filter>Source Files\Teem\Nrrd</Filter>
    </ClCompile>
    <ClCompile Include="..\teem\Nrrd\apply1D.c">
      <Filter>Source Files\Teem\Nrrd</Filter>
    </ClCompile>
    <ClCompile Include="..\teem\Nrrd\apply2D.c">
      <Filter>Source Files\Teem\Nrrd</Filter>
    </ClCompile>
    <ClCompile Include="..\teem\Nrrd\arith.c">
      <Filter>Source Files\Teem\Nrrd</Filter>
    </ClCompile>
    <ClCompile Include="..\teem\Nrrd\arraysNrrd.c">
      <Filter>Source Files\Teem\Nrrd</Filter>
    </ClCompile>
    <ClCompile Include="..\teem\Nrrd\axis.c">
      <Filter>Source Files\Teem\Nrrd</Filter>
    </ClCompile>
    <ClCompile Include="..\teem\Nrrd\cc.c">
      <Filter>Source Files\Teem\Nrrd</Filter>
    </ClCompile>
    <ClCompile Include="..\teem\Nrrd\ccmethods.c">
      <Filter>Source Files\Teem\Nrrd</Filter>
    </ClCompile>
    <ClCompile Include="..\teem\Nrrd\comment.c">
      <Filter>Source Files\Teem\Nrrd</Filter>
    </ClCompile>
    <ClCompile Include="..\teem\Nrrd\convertNrrd.c">
      <Filter>Source Files\Teem\Nrrd</Filter>
    </ClCompile>
    <ClCompile Include="..\teem\Nrrd\defaultsNrrd.c">
      <Filter>Source Files\Teem\Nrrd</Filter>
    </ClCompile>
    <ClCompile Include="..\teem\Nrrd\encoding.c">
      <Filter>Source Files\Teem\Nrrd</Filter>
    </ClCompile>
    <ClCompile Include="..\teem\Nrrd\encodingAscii.c">
      <Filter>Source Files\Teem\Nrrd</Filter>
    </ClCompile>
    <ClCompile Include="..\teem\Nrrd\encodingBzip2.c">
      <Filter>Source Files\Teem\Nrrd</Filter>
    </ClCompile>
    <ClCompile Include="..\teem\Nrrd\encodingGzip.c">
      <Filter>Source Files\Teem\Nrrd</Filter>
    </ClCompile>
    <ClCompile Include="..\teem\Nrrd\encodingHex.c">
      <Filter>Source Files\Teem\Nrrd</Filter>
    </ClCompile>
    <ClCompile Include="..\teem\Nrrd\encodingRaw.c">
      <Filter>Source Files\Teem\Nrrd</Filter>
    </ClCompile>
    <ClCompile Include="..\teem\Nrrd\endianNrrd.c">
      <Filter>Source Files\Teem\Nrrd</Filter>
    </ClCompile>
    <ClCompile Include="..\teem\Nrrd\enumsNrrd.c">
      <Filter>Source Files\Teem\Nrrd</Filter>
    </ClCompile>
    <ClCompile Include="..\teem\Nrrd\filt.c">
      <Filter>Source Files\Teem\Nrrd</Filter>
    </ClCompile>
    <ClCompile Include="..\teem\Nrrd\format.c">
      <Filter>Source Files\Teem\Nrrd</Filter>
    </ClCompile>
    <ClCompile Include="..\teem\Nrrd\formatEPS.c">
      <Filter>Source Files\Teem\Nrrd</Filter>
    </ClCompile>
    <ClCompile Include="..\teem\Nrrd\formatNRRD.c">
      <Filter>Source Files\Teem\Nrrd</Filter>
    </ClCompile>
    <ClCompile Include="..\teem\Nrrd\formatPNG.c">
      <Filter>Source Files\Teem\Nrrd</Filter>
    </ClCompile>
    <ClCompile Include="..\teem\Nrrd\formatPNM.c">
      <Filter>Source Files\Teem\Nrrd</Filter>
    </ClCompile>
    <ClCompile Include="..\teem\Nrrd\formatText.c">
      <Filter>Source Files\Teem\Nrrd</Filter>
    </ClCompile>
    <ClCompile Include="..\teem\Nrrd\formatVTK.c">
      <Filter>Source Files\Teem\Nrrd</Filter>
    </ClCompile>
    <ClCompile Include="..\teem\Nrrd\gzio.c">
      <Filter>Source Files\Teem\Nrrd</Filter>
    </ClCompile>
    <ClCompile Include="..\teem\Nrrd\hestNrrd.c">
      <Filter>Source Files\Teem\Nrrd</Filter>
    </ClCompile>
    <ClCompile Include="..\teem\Nrrd\histogram.c">
      <Filter>Source Files\Teem\Nrrd</Filter>
    </ClCompile>
    <ClCompile Include="..\teem\Nrrd\iter.c">
      <Filter>Source Files\Teem\Nrrd</Filter>
    </ClCompile>
    <ClCompile Include="..\teem\Nrrd\kernel.c">
      <Filter>Source Files\Teem\Nrrd</Filter>
    </ClCompile>
    <ClCompile Include="..\teem\Nrrd\keyvalue.c">
      <Filter>Source Files\Teem\Nrrd</Filter>
    </ClCompile>
    <ClCompile Include="..\teem\Nrrd\map.c">
      <Filter>Source Files\Teem\Nrrd</Filter>
    </ClCompile>
    <ClCompile Include="..\teem\Nrrd\measure.c">
      <Filter>Source Files\Teem\Nrrd</Filter>
    </ClCompile>
    <ClCompile Include="..\teem\Nrrd\methodsNrrd.c">
      <Filter>Source Files\Teem\Nrrd</Filter>
    </ClCompile>
    <ClCompile Include="..\teem\Nrrd\parseNrrd.c">
      <Filter>Source Files\Teem\Nrrd</Filter>
    </ClCompile>
    <ClCompile Include="..\teem\Nrrd\range.c">
      <Filter>Source Files\Teem\Nrrd</Filter>
    </ClCompile>
    <ClCompile Include="..\teem\Nrrd\read.c">
      <Filter>Source Files\Teem\Nrrd</Filter>
    </ClCompile>
    <ClCompile Include="..\teem\Nrrd\reorder.c">
      <Filter>Source Files\Teem\Nrrd</Filter>
    </ClCompile>
    <ClCompile Include="..\teem\Nrrd\resampleContext.c">
      <Filter>Source Files\Teem\Nrrd</Filter>
    </ClCompile>
    <ClCompile Include="..\teem\Nrrd\resampleNrrd.c">
      <Filter>Source Files\Teem\Nrrd</Filter>
    </ClCompile>
    <ClCompile Include="..\teem\Nrrd\simple.c">
      <Filter>Source Files\Teem\Nrrd</Filter>
    </ClCompile>
    <ClCompile Include="..\teem\Nrrd\subset.c">
      <Filter>Source Files\Teem\Nrrd</Filter>
    </ClCompile>
    <ClCompile Include="..\teem\Nrrd\superset.c">
      <Filter>Source Files\Teem\Nrrd</Filter>
    </ClCompile>
    <ClCompile Include="..\teem\Nrrd\tmfKernel.c">
      <Filter>Source Files\Teem\Nrrd</Filter>
    </ClCompile>
    <ClCompile Include="..\teem\Nrrd\winKernel.c">
      <Filter>Source Files\Teem\Nrrd</Filter>
    </ClCompile>
    <ClCompile Include="..\teem\Nrrd\write.c">
      <Filter>Source Files\Teem\Nrrd</Filter>
    </ClCompile>
    <ClCompile Include="..\glew\glew.c">
      <Filter>Source Files\Glew</Filter>
    </ClCompile>
    <ClCompile Include="WacUtils\WacUtils.cpp">
      <Filter>Source Files\WacUtils</Filter>
    </ClCompile>
    <ClCompile Include="Formats\base_reader.cpp">
      <Filter>Source Files\Formats</Filter>
    </ClCompile>
    <ClCompile Include="Formats\lsm_reader.cpp">
      <Filter>Source Files\Formats</Filter>
    </ClCompile>
    <ClCompile Include="Formats\msk_reader.cpp">
      <Filter>Source Files\Formats</Filter>
    </ClCompile>
    <ClCompile Include="Formats\msk_writer.cpp">
      <Filter>Source Files\Formats</Filter>
    </ClCompile>
    <ClCompile Include="Formats\nrrd_reader.cpp">
      <Filter>Source Files\Formats</Filter>
    </ClCompile>
    <ClCompile Include="Formats\nrrd_writer.cpp">
      <Filter>Source Files\Formats</Filter>
    </ClCompile>
    <ClCompile Include="Formats\oib_reader.cpp">
      <Filter>Source Files\Formats</Filter>
    </ClCompile>
    <ClCompile Include="Formats\oif_reader.cpp">
      <Filter>Source Files\Formats</Filter>
    </ClCompile>
    <ClCompile Include="Formats\png_resource.cpp">
      <Filter>Source Files\Formats</Filter>
    </ClCompile>
    <ClCompile Include="Formats\tif_reader.cpp">
      <Filter>Source Files\Formats</Filter>
    </ClCompile>
    <ClCompile Include="Formats\tif_writer.cpp">
      <Filter>Source Files\Formats</Filter>
    </ClCompile>
    <ClCompile Include="Converters\VolumeMeshConv.cpp">
      <Filter>Source Files\Converters</Filter>
    </ClCompile>
    <ClCompile Include="ConvertDlg.cpp">
      <Filter>Source Files</Filter>
    </ClCompile>
    <ClCompile Include="utility.cpp">
      <Filter>Source Files</Filter>
    </ClCompile>
    <ClCompile Include="NoiseCancellingDlg.cpp">
      <Filter>Source Files</Filter>
    </ClCompile>
    <ClCompile Include="RecorderDlg.cpp">
      <Filter>Source Files</Filter>
    </ClCompile>
    <ClCompile Include="Animator\Interpolator.cpp">
      <Filter>Source Files\Animator</Filter>
    </ClCompile>
    <ClCompile Include="bitmap_fonts.cpp">
      <Filter>Source Files</Filter>
    </ClCompile>
    <ClCompile Include="APropView.cpp">
      <Filter>Source Files</Filter>
    </ClCompile>
    <ClCompile Include="CountingDlg.cpp">
      <Filter>Source Files</Filter>
    </ClCompile>
    <ClCompile Include="ColocalizationDlg.cpp">
      <Filter>Source Files</Filter>
    </ClCompile>
    <ClCompile Include="MeasureDlg.cpp">
      <Filter>Source Files</Filter>
    </ClCompile>
    <ClCompile Include="Formats\lbl_reader.cpp">
      <Filter>Source Files\Formats</Filter>
    </ClCompile>
    <ClCompile Include="Formats\pvxml_reader.cpp">
      <Filter>Source Files\Formats</Filter>
    </ClCompile>
    <ClCompile Include="FLIVR\BBox.cpp">
      <Filter>Source Files\FLIVR</Filter>
    </ClCompile>
    <ClCompile Include="FLIVR\Color.cpp">
      <Filter>Source Files\FLIVR</Filter>
    </ClCompile>
    <ClCompile Include="FLIVR\glm.cpp">
      <Filter>Source Files\FLIVR</Filter>
    </ClCompile>
    <ClCompile Include="FLIVR\ImgShader.cpp">
      <Filter>Source Files\FLIVR</Filter>
    </ClCompile>
    <ClCompile Include="FLIVR\MeshRenderer.cpp">
      <Filter>Source Files\FLIVR</Filter>
    </ClCompile>
    <ClCompile Include="FLIVR\MshShader.cpp">
      <Filter>Source Files\FLIVR</Filter>
    </ClCompile>
    <ClCompile Include="FLIVR\MultiVolumeRenderer.cpp">
      <Filter>Source Files\FLIVR</Filter>
    </ClCompile>
    <ClCompile Include="FLIVR\PaintShader.cpp">
      <Filter>Source Files\FLIVR</Filter>
    </ClCompile>
    <ClCompile Include="FLIVR\Plane.cpp">
      <Filter>Source Files\FLIVR</Filter>
    </ClCompile>
    <ClCompile Include="FLIVR\Point.cpp">
      <Filter>Source Files\FLIVR</Filter>
    </ClCompile>
    <ClCompile Include="FLIVR\Ray.cpp">
      <Filter>Source Files\FLIVR</Filter>
    </ClCompile>
    <ClCompile Include="FLIVR\SegShader.cpp">
      <Filter>Source Files\FLIVR</Filter>
    </ClCompile>
    <ClCompile Include="FLIVR\ShaderProgram.cpp">
      <Filter>Source Files\FLIVR</Filter>
    </ClCompile>
    <ClCompile Include="FLIVR\Texture.cpp">
      <Filter>Source Files\FLIVR</Filter>
    </ClCompile>
    <ClCompile Include="FLIVR\TextureBrick.cpp">
      <Filter>Source Files\FLIVR</Filter>
    </ClCompile>
    <ClCompile Include="FLIVR\TextureRenderer.cpp">
      <Filter>Source Files\FLIVR</Filter>
    </ClCompile>
    <ClCompile Include="FLIVR\Transform.cpp">
      <Filter>Source Files\FLIVR</Filter>
    </ClCompile>
    <ClCompile Include="FLIVR\Vector.cpp">
      <Filter>Source Files\FLIVR</Filter>
    </ClCompile>
    <ClCompile Include="FLIVR\VolCalShader.cpp">
      <Filter>Source Files\FLIVR</Filter>
    </ClCompile>
    <ClCompile Include="FLIVR\VolShader.cpp">
      <Filter>Source Files\FLIVR</Filter>
    </ClCompile>
    <ClCompile Include="FLIVR\VolumeRenderer.cpp">
      <Filter>Source Files\FLIVR</Filter>
    </ClCompile>
    <ClCompile Include="TraceDlg.cpp">
      <Filter>Source Files</Filter>
    </ClCompile>
  </ItemGroup>
  <ItemGroup>
    <ClInclude Include="AdjustView.h">
      <Filter>Header Files</Filter>
    </ClInclude>
    <ClInclude Include="bitmap_fonts.h">
      <Filter>Header Files</Filter>
    </ClInclude>
    <ClInclude Include="BrushToolDlg.h">
      <Filter>Header Files</Filter>
    </ClInclude>
    <ClInclude Include="ClippingView.h">
      <Filter>Header Files</Filter>
    </ClInclude>
    <ClInclude Include="DataManager.h">
      <Filter>Header Files</Filter>
    </ClInclude>
    <ClInclude Include="DragDrop.h">
      <Filter>Header Files</Filter>
    </ClInclude>
    <ClInclude Include="HelpDlg.h">
      <Filter>Header Files</Filter>
    </ClInclude>
    <ClInclude Include="ListPanel.h">
      <Filter>Header Files</Filter>
    </ClInclude>
    <ClInclude Include="MManipulator.h">
      <Filter>Header Files</Filter>
    </ClInclude>
    <ClInclude Include="MPropView.h">
      <Filter>Header Files</Filter>
    </ClInclude>
    <ClInclude Include="resource.h">
      <Filter>Header Files</Filter>
    </ClInclude>
    <ClInclude Include="SettingDlg.h">
      <Filter>Header Files</Filter>
    </ClInclude>
    <ClInclude Include="Tester.h">
      <Filter>Header Files</Filter>
    </ClInclude>
    <ClInclude Include="TreePanel.h">
      <Filter>Header Files</Filter>
    </ClInclude>
    <ClInclude Include="utility.h">
      <Filter>Header Files</Filter>
    </ClInclude>
    <ClInclude Include="VMovieView.h">
      <Filter>Header Files</Filter>
    </ClInclude>
    <ClInclude Include="VolumeCalculator.h">
      <Filter>Header Files</Filter>
    </ClInclude>
    <ClInclude Include="VolumeSelector.h">
      <Filter>Header Files</Filter>
    </ClInclude>
    <ClInclude Include="VPropView.h">
      <Filter>Header Files</Filter>
    </ClInclude>
    <ClInclude Include="VRenderFrame.h">
      <Filter>Header Files</Filter>
    </ClInclude>
    <ClInclude Include="VRenderView.h">
      <Filter>Header Files</Filter>
    </ClInclude>
    <ClInclude Include="WacUtils\WacUtils.h">
      <Filter>Header Files\WacUtils</Filter>
    </ClInclude>
    <ClInclude Include="Formats\base_reader.h">
      <Filter>Header Files\Formats</Filter>
    </ClInclude>
    <ClInclude Include="Formats\base_writer.h">
      <Filter>Header Files\Formats</Filter>
    </ClInclude>
    <ClInclude Include="Formats\lsm_reader.h">
      <Filter>Header Files\Formats</Filter>
    </ClInclude>
    <ClInclude Include="Formats\msk_reader.h">
      <Filter>Header Files\Formats</Filter>
    </ClInclude>
    <ClInclude Include="Formats\msk_writer.h">
      <Filter>Header Files\Formats</Filter>
    </ClInclude>
    <ClInclude Include="Formats\nrrd_reader.h">
      <Filter>Header Files\Formats</Filter>
    </ClInclude>
    <ClInclude Include="Formats\nrrd_writer.h">
      <Filter>Header Files\Formats</Filter>
    </ClInclude>
    <ClInclude Include="Formats\oib_reader.h">
      <Filter>Header Files\Formats</Filter>
    </ClInclude>
    <ClInclude Include="Formats\oif_reader.h">
      <Filter>Header Files\Formats</Filter>
    </ClInclude>
    <ClInclude Include="Formats\png_resource.h">
      <Filter>Header Files\Formats</Filter>
    </ClInclude>
    <ClInclude Include="Formats\tif_reader.h">
      <Filter>Header Files\Formats</Filter>
    </ClInclude>
    <ClInclude Include="Formats\tif_writer.h">
      <Filter>Header Files\Formats</Filter>
    </ClInclude>
    <ClInclude Include="Converters\VolumeMeshConv.h">
      <Filter>Header Files\Converters</Filter>
    </ClInclude>
    <ClInclude Include="Converters\MCTable.h">
      <Filter>Header Files\Converters</Filter>
    </ClInclude>
    <ClInclude Include="ConvertDlg.h">
      <Filter>Header Files</Filter>
    </ClInclude>
    <ClInclude Include="NoiseCancellingDlg.h">
      <Filter>Header Files</Filter>
    </ClInclude>
    <ClInclude Include="RecorderDlg.h">
      <Filter>Header Files</Filter>
    </ClInclude>
    <ClInclude Include="Animator\FlKey.h">
      <Filter>Header Files\Animator</Filter>
    </ClInclude>
    <ClInclude Include="Animator\FlKeyDouble.h">
      <Filter>Header Files\Animator</Filter>
    </ClInclude>
    <ClInclude Include="Animator\Interpolator.h">
      <Filter>Header Files\Animator</Filter>
    </ClInclude>
    <ClInclude Include="Animator\FlKeyQuaternion.h">
      <Filter>Header Files\Animator</Filter>
    </ClInclude>
    <ClInclude Include="APropView.h">
      <Filter>Header Files</Filter>
    </ClInclude>
    <ClInclude Include="CountingDlg.h">
      <Filter>Header Files</Filter>
    </ClInclude>
    <ClInclude Include="ColocalizationDlg.h">
      <Filter>Header Files</Filter>
    </ClInclude>
    <ClInclude Include="Check.h">
      <Filter>Header Files</Filter>
    </ClInclude>
    <ClInclude Include="MeasureDlg.h">
      <Filter>Header Files</Filter>
    </ClInclude>
    <ClInclude Include="Formats\lbl_reader.h">
      <Filter>Header Files\Formats</Filter>
    </ClInclude>
    <ClInclude Include="Animator\FlKeyBoolean.h">
      <Filter>Header Files\Animator</Filter>
    </ClInclude>
    <ClInclude Include="Formats\pvxml_reader.h">
      <Filter>Header Files\Formats</Filter>
    </ClInclude>
    <ClInclude Include="FLIVR\BBox.h">
      <Filter>Header Files\FLIVR</Filter>
    </ClInclude>
    <ClInclude Include="FLIVR\Color.h">
      <Filter>Header Files\FLIVR</Filter>
    </ClInclude>
    <ClInclude Include="FLIVR\glm.h">
      <Filter>Header Files\FLIVR</Filter>
    </ClInclude>
    <ClInclude Include="FLIVR\ImgShader.h">
      <Filter>Header Files\FLIVR</Filter>
    </ClInclude>
    <ClInclude Include="FLIVR\MeshRenderer.h">
      <Filter>Header Files\FLIVR</Filter>
    </ClInclude>
    <ClInclude Include="FLIVR\MshShader.h">
      <Filter>Header Files\FLIVR</Filter>
    </ClInclude>
    <ClInclude Include="FLIVR\MultiVolumeRenderer.h">
      <Filter>Header Files\FLIVR</Filter>
    </ClInclude>
    <ClInclude Include="FLIVR\PaintShader.h">
      <Filter>Header Files\FLIVR</Filter>
    </ClInclude>
    <ClInclude Include="FLIVR\Plane.h">
      <Filter>Header Files\FLIVR</Filter>
    </ClInclude>
    <ClInclude Include="FLIVR\Point.h">
      <Filter>Header Files\FLIVR</Filter>
    </ClInclude>
    <ClInclude Include="FLIVR\Quaternion.h">
      <Filter>Header Files\FLIVR</Filter>
    </ClInclude>
    <ClInclude Include="FLIVR\Ray.h">
      <Filter>Header Files\FLIVR</Filter>
    </ClInclude>
    <ClInclude Include="FLIVR\SegShader.h">
      <Filter>Header Files\FLIVR</Filter>
    </ClInclude>
    <ClInclude Include="FLIVR\ShaderProgram.h">
      <Filter>Header Files\FLIVR</Filter>
    </ClInclude>
    <ClInclude Include="FLIVR\Texture.h">
      <Filter>Header Files\FLIVR</Filter>
    </ClInclude>
    <ClInclude Include="FLIVR\TextureBrick.h">
      <Filter>Header Files\FLIVR</Filter>
    </ClInclude>
    <ClInclude Include="FLIVR\TextureRenderer.h">
      <Filter>Header Files\FLIVR</Filter>
    </ClInclude>
    <ClInclude Include="FLIVR\Transform.h">
      <Filter>Header Files\FLIVR</Filter>
    </ClInclude>
    <ClInclude Include="FLIVR\Utils.h">
      <Filter>Header Files\FLIVR</Filter>
    </ClInclude>
    <ClInclude Include="FLIVR\Vector.h">
      <Filter>Header Files\FLIVR</Filter>
    </ClInclude>
    <ClInclude Include="FLIVR\VolCalShader.h">
      <Filter>Header Files\FLIVR</Filter>
    </ClInclude>
    <ClInclude Include="FLIVR\VolShader.h">
      <Filter>Header Files\FLIVR</Filter>
    </ClInclude>
    <ClInclude Include="FLIVR\VolShaderCode.h">
      <Filter>Header Files\FLIVR</Filter>
    </ClInclude>
    <ClInclude Include="FLIVR\VolumeRenderer.h">
      <Filter>Header Files\FLIVR</Filter>
    </ClInclude>
    <ClInclude Include="TraceDlg.h">
      <Filter>Header Files</Filter>
    </ClInclude>
  </ItemGroup>
  <ItemGroup>
    <ResourceCompile Include="FluoRender.rc">
      <Filter>Resource Files</Filter>
    </ResourceCompile>
  </ItemGroup>
  <ItemGroup>
    <None Include="FluoRender_icon.ico">
      <Filter>Resource Files</Filter>
    </None>
  </ItemGroup>
</Project>